// !$*UTF8*$!
{
	archiveVersion = 1;
	classes = {
	};
	objectVersion = 50;
	objects = {

/* Begin PBXBuildFile section */
		13B057632574033C00CE77D0 /* AppDelegate.swift in Sources */ = {isa = PBXBuildFile; fileRef = 13B057622574033C00CE77D0 /* AppDelegate.swift */; };
		13B057652574033C00CE77D0 /* SceneDelegate.swift in Sources */ = {isa = PBXBuildFile; fileRef = 13B057642574033C00CE77D0 /* SceneDelegate.swift */; };
		13B0576C2574033E00CE77D0 /* Assets.xcassets in Resources */ = {isa = PBXBuildFile; fileRef = 13B0576B2574033E00CE77D0 /* Assets.xcassets */; };
		13B0576F2574033E00CE77D0 /* LaunchScreen.storyboard in Resources */ = {isa = PBXBuildFile; fileRef = 13B0576D2574033E00CE77D0 /* LaunchScreen.storyboard */; };
		13B057802574043E00CE77D0 /* us_senators.json in Resources */ = {isa = PBXBuildFile; fileRef = 13B0577F2574043E00CE77D0 /* us_senators.json */; };
		13B057832574047E00CE77D0 /* Senators.swift in Sources */ = {isa = PBXBuildFile; fileRef = 13B057822574047E00CE77D0 /* Senators.swift */; };
		13B057882574066F00CE77D0 /* SenatorsCoordinatorViewController.swift in Sources */ = {isa = PBXBuildFile; fileRef = 13B057872574066F00CE77D0 /* SenatorsCoordinatorViewController.swift */; };
		13B0578C2574069700CE77D0 /* SenatorsCoordinatorViewModel.swift in Sources */ = {isa = PBXBuildFile; fileRef = 13B0578B2574069700CE77D0 /* SenatorsCoordinatorViewModel.swift */; };
		13B05792257408BD00CE77D0 /* SenatorsListTableViewController.swift in Sources */ = {isa = PBXBuildFile; fileRef = 13B05791257408BD00CE77D0 /* SenatorsListTableViewController.swift */; };
		13B057962574091400CE77D0 /* SenatorsListTableViewModel.swift in Sources */ = {isa = PBXBuildFile; fileRef = 13B057952574091400CE77D0 /* SenatorsListTableViewModel.swift */; };
		13B0579A25740A9E00CE77D0 /* SenatorsTableViewCell.swift in Sources */ = {isa = PBXBuildFile; fileRef = 13B0579925740A9E00CE77D0 /* SenatorsTableViewCell.swift */; };
		13B0579F25740B3D00CE77D0 /* UIVIew+anchor.swift in Sources */ = {isa = PBXBuildFile; fileRef = 13B0579E25740B3D00CE77D0 /* UIVIew+anchor.swift */; };
		13B057A425740BA200CE77D0 /* UIColor+hexString.swift in Sources */ = {isa = PBXBuildFile; fileRef = 13B057A325740BA200CE77D0 /* UIColor+hexString.swift */; };
/* End PBXBuildFile section */

/* Begin PBXFileReference section */
		13B0575F2574033C00CE77D0 /* CodeChallenge.app */ = {isa = PBXFileReference; explicitFileType = wrapper.application; includeInIndex = 0; path = CodeChallenge.app; sourceTree = BUILT_PRODUCTS_DIR; };
		13B057622574033C00CE77D0 /* AppDelegate.swift */ = {isa = PBXFileReference; lastKnownFileType = sourcecode.swift; path = AppDelegate.swift; sourceTree = "<group>"; };
		13B057642574033C00CE77D0 /* SceneDelegate.swift */ = {isa = PBXFileReference; lastKnownFileType = sourcecode.swift; path = SceneDelegate.swift; sourceTree = "<group>"; };
		13B0576B2574033E00CE77D0 /* Assets.xcassets */ = {isa = PBXFileReference; lastKnownFileType = folder.assetcatalog; path = Assets.xcassets; sourceTree = "<group>"; };
		13B0576E2574033E00CE77D0 /* Base */ = {isa = PBXFileReference; lastKnownFileType = file.storyboard; name = Base; path = Base.lproj/LaunchScreen.storyboard; sourceTree = "<group>"; };
		13B057702574033E00CE77D0 /* Info.plist */ = {isa = PBXFileReference; lastKnownFileType = text.plist.xml; path = Info.plist; sourceTree = "<group>"; };
		13B0577F2574043E00CE77D0 /* us_senators.json */ = {isa = PBXFileReference; fileEncoding = 4; lastKnownFileType = text.json; path = us_senators.json; sourceTree = "<group>"; };
		13B057822574047E00CE77D0 /* Senators.swift */ = {isa = PBXFileReference; lastKnownFileType = sourcecode.swift; path = Senators.swift; sourceTree = "<group>"; };
		13B057872574066F00CE77D0 /* SenatorsCoordinatorViewController.swift */ = {isa = PBXFileReference; lastKnownFileType = sourcecode.swift; path = SenatorsCoordinatorViewController.swift; sourceTree = "<group>"; };
		13B0578B2574069700CE77D0 /* SenatorsCoordinatorViewModel.swift */ = {isa = PBXFileReference; lastKnownFileType = sourcecode.swift; path = SenatorsCoordinatorViewModel.swift; sourceTree = "<group>"; };
		13B05791257408BD00CE77D0 /* SenatorsListTableViewController.swift */ = {isa = PBXFileReference; lastKnownFileType = sourcecode.swift; path = SenatorsListTableViewController.swift; sourceTree = "<group>"; };
		13B057952574091400CE77D0 /* SenatorsListTableViewModel.swift */ = {isa = PBXFileReference; lastKnownFileType = sourcecode.swift; path = SenatorsListTableViewModel.swift; sourceTree = "<group>"; };
		13B0579925740A9E00CE77D0 /* SenatorsTableViewCell.swift */ = {isa = PBXFileReference; lastKnownFileType = sourcecode.swift; path = SenatorsTableViewCell.swift; sourceTree = "<group>"; };
		13B0579E25740B3D00CE77D0 /* UIVIew+anchor.swift */ = {isa = PBXFileReference; lastKnownFileType = sourcecode.swift; path = "UIVIew+anchor.swift"; sourceTree = "<group>"; };
		13B057A325740BA200CE77D0 /* UIColor+hexString.swift */ = {isa = PBXFileReference; lastKnownFileType = sourcecode.swift; path = "UIColor+hexString.swift"; sourceTree = "<group>"; };
/* End PBXFileReference section */

/* Begin PBXFrameworksBuildPhase section */
		13B0575C2574033C00CE77D0 /* Frameworks */ = {
			isa = PBXFrameworksBuildPhase;
			buildActionMask = 2147483647;
			files = (
			);
			runOnlyForDeploymentPostprocessing = 0;
		};
/* End PBXFrameworksBuildPhase section */

/* Begin PBXGroup section */
		13B057562574033C00CE77D0 = {
			isa = PBXGroup;
			children = (
				13B057612574033C00CE77D0 /* CodeChallenge */,
				13B057602574033C00CE77D0 /* Products */,
			);
			sourceTree = "<group>";
		};
		13B057602574033C00CE77D0 /* Products */ = {
			isa = PBXGroup;
			children = (
				13B0575F2574033C00CE77D0 /* CodeChallenge.app */,
			);
			name = Products;
			sourceTree = "<group>";
		};
		13B057612574033C00CE77D0 /* CodeChallenge */ = {
			isa = PBXGroup;
			children = (
				13B05778257403B600CE77D0 /* AppDelegate */,
				13B0577A257403C300CE77D0 /* Model */,
				13B0577B257403CB00CE77D0 /* Views */,
				13B0577C257403D900CE77D0 /* Components */,
				13B0579D25740B2400CE77D0 /* Extensions */,
				13B0577D257403E100CE77D0 /* Resources */,
			);
			path = CodeChallenge;
			sourceTree = "<group>";
		};
		13B05778257403B600CE77D0 /* AppDelegate */ = {
			isa = PBXGroup;
			children = (
				13B057622574033C00CE77D0 /* AppDelegate.swift */,
				13B057642574033C00CE77D0 /* SceneDelegate.swift */,
			);
			path = AppDelegate;
			sourceTree = "<group>";
		};
		13B0577A257403C300CE77D0 /* Model */ = {
			isa = PBXGroup;
			children = (
				13B057822574047E00CE77D0 /* Senators.swift */,
			);
			path = Model;
			sourceTree = "<group>";
		};
		13B0577B257403CB00CE77D0 /* Views */ = {
			isa = PBXGroup;
			children = (
				13B057852574063600CE77D0 /* Senators */,
			);
			path = Views;
			sourceTree = "<group>";
		};
		13B0577C257403D900CE77D0 /* Components */ = {
			isa = PBXGroup;
			children = (
				13B0579825740A8200CE77D0 /* SenatorsTableCell */,
			);
			path = Components;
			sourceTree = "<group>";
		};
		13B0577D257403E100CE77D0 /* Resources */ = {
			isa = PBXGroup;
			children = (
				13B0576B2574033E00CE77D0 /* Assets.xcassets */,
				13B0576D2574033E00CE77D0 /* LaunchScreen.storyboard */,
				13B057702574033E00CE77D0 /* Info.plist */,
				13B0577F2574043E00CE77D0 /* us_senators.json */,
			);
			path = Resources;
			sourceTree = "<group>";
		};
		13B057852574063600CE77D0 /* Senators */ = {
			isa = PBXGroup;
			children = (
				13B057862574063C00CE77D0 /* Coordinator */,
				13B05790257408A800CE77D0 /* Senators List */,
			);
			path = Senators;
			sourceTree = "<group>";
		};
		13B057862574063C00CE77D0 /* Coordinator */ = {
			isa = PBXGroup;
			children = (
				13B057872574066F00CE77D0 /* SenatorsCoordinatorViewController.swift */,
				13B0578B2574069700CE77D0 /* SenatorsCoordinatorViewModel.swift */,
			);
			path = Coordinator;
			sourceTree = "<group>";
		};
		13B05790257408A800CE77D0 /* Senators List */ = {
			isa = PBXGroup;
			children = (
				13B05791257408BD00CE77D0 /* SenatorsListTableViewController.swift */,
				13B057952574091400CE77D0 /* SenatorsListTableViewModel.swift */,
			);
			path = "Senators List";
			sourceTree = "<group>";
		};
		13B0579825740A8200CE77D0 /* SenatorsTableCell */ = {
			isa = PBXGroup;
			children = (
				13B0579925740A9E00CE77D0 /* SenatorsTableViewCell.swift */,
			);
			path = SenatorsTableCell;
			sourceTree = "<group>";
		};
		13B0579D25740B2400CE77D0 /* Extensions */ = {
			isa = PBXGroup;
			children = (
				13B0579E25740B3D00CE77D0 /* UIVIew+anchor.swift */,
				13B057A325740BA200CE77D0 /* UIColor+hexString.swift */,
			);
			path = Extensions;
			sourceTree = "<group>";
		};
/* End PBXGroup section */

/* Begin PBXNativeTarget section */
		13B0575E2574033C00CE77D0 /* CodeChallenge */ = {
			isa = PBXNativeTarget;
			buildConfigurationList = 13B057732574033E00CE77D0 /* Build configuration list for PBXNativeTarget "CodeChallenge" */;
			buildPhases = (
				13B0575B2574033C00CE77D0 /* Sources */,
				13B0575C2574033C00CE77D0 /* Frameworks */,
				13B0575D2574033C00CE77D0 /* Resources */,
			);
			buildRules = (
			);
			dependencies = (
			);
			name = CodeChallenge;
			productName = CodeChallenge;
			productReference = 13B0575F2574033C00CE77D0 /* CodeChallenge.app */;
			productType = "com.apple.product-type.application";
		};
/* End PBXNativeTarget section */

/* Begin PBXProject section */
		13B057572574033C00CE77D0 /* Project object */ = {
			isa = PBXProject;
			attributes = {
				LastSwiftUpdateCheck = 1220;
				LastUpgradeCheck = 1220;
				TargetAttributes = {
					13B0575E2574033C00CE77D0 = {
						CreatedOnToolsVersion = 12.2;
					};
				};
			};
			buildConfigurationList = 13B0575A2574033C00CE77D0 /* Build configuration list for PBXProject "CodeChallenge" */;
			compatibilityVersion = "Xcode 9.3";
			developmentRegion = en;
			hasScannedForEncodings = 0;
			knownRegions = (
				en,
				Base,
			);
			mainGroup = 13B057562574033C00CE77D0;
			productRefGroup = 13B057602574033C00CE77D0 /* Products */;
			projectDirPath = "";
			projectRoot = "";
			targets = (
				13B0575E2574033C00CE77D0 /* CodeChallenge */,
			);
		};
/* End PBXProject section */

/* Begin PBXResourcesBuildPhase section */
		13B0575D2574033C00CE77D0 /* Resources */ = {
			isa = PBXResourcesBuildPhase;
			buildActionMask = 2147483647;
			files = (
				13B057802574043E00CE77D0 /* us_senators.json in Resources */,
				13B0576F2574033E00CE77D0 /* LaunchScreen.storyboard in Resources */,
				13B0576C2574033E00CE77D0 /* Assets.xcassets in Resources */,
			);
			runOnlyForDeploymentPostprocessing = 0;
		};
/* End PBXResourcesBuildPhase section */

/* Begin PBXSourcesBuildPhase section */
		13B0575B2574033C00CE77D0 /* Sources */ = {
			isa = PBXSourcesBuildPhase;
			buildActionMask = 2147483647;
			files = (
				13B0579A25740A9E00CE77D0 /* SenatorsTableViewCell.swift in Sources */,
				13B05792257408BD00CE77D0 /* SenatorsListTableViewController.swift in Sources */,
				13B0578C2574069700CE77D0 /* SenatorsCoordinatorViewModel.swift in Sources */,
				13B0579F25740B3D00CE77D0 /* UIVIew+anchor.swift in Sources */,
				13B057882574066F00CE77D0 /* SenatorsCoordinatorViewController.swift in Sources */,
				13B057632574033C00CE77D0 /* AppDelegate.swift in Sources */,
				13B057A425740BA200CE77D0 /* UIColor+hexString.swift in Sources */,
				13B057832574047E00CE77D0 /* Senators.swift in Sources */,
				13B057652574033C00CE77D0 /* SceneDelegate.swift in Sources */,
				13B057962574091400CE77D0 /* SenatorsListTableViewModel.swift in Sources */,
			);
			runOnlyForDeploymentPostprocessing = 0;
		};
/* End PBXSourcesBuildPhase section */

/* Begin PBXVariantGroup section */
		13B0576D2574033E00CE77D0 /* LaunchScreen.storyboard */ = {
			isa = PBXVariantGroup;
			children = (
				13B0576E2574033E00CE77D0 /* Base */,
			);
			name = LaunchScreen.storyboard;
			sourceTree = "<group>";
		};
/* End PBXVariantGroup section */

/* Begin XCBuildConfiguration section */
		13B057712574033E00CE77D0 /* Debug */ = {
			isa = XCBuildConfiguration;
			buildSettings = {
				ALWAYS_SEARCH_USER_PATHS = NO;
				CLANG_ANALYZER_NONNULL = YES;
				CLANG_ANALYZER_NUMBER_OBJECT_CONVERSION = YES_AGGRESSIVE;
				CLANG_CXX_LANGUAGE_STANDARD = "gnu++14";
				CLANG_CXX_LIBRARY = "libc++";
				CLANG_ENABLE_MODULES = YES;
				CLANG_ENABLE_OBJC_ARC = YES;
				CLANG_ENABLE_OBJC_WEAK = YES;
				CLANG_WARN_BLOCK_CAPTURE_AUTORELEASING = YES;
				CLANG_WARN_BOOL_CONVERSION = YES;
				CLANG_WARN_COMMA = YES;
				CLANG_WARN_CONSTANT_CONVERSION = YES;
				CLANG_WARN_DEPRECATED_OBJC_IMPLEMENTATIONS = YES;
				CLANG_WARN_DIRECT_OBJC_ISA_USAGE = YES_ERROR;
				CLANG_WARN_DOCUMENTATION_COMMENTS = YES;
				CLANG_WARN_EMPTY_BODY = YES;
				CLANG_WARN_ENUM_CONVERSION = YES;
				CLANG_WARN_INFINITE_RECURSION = YES;
				CLANG_WARN_INT_CONVERSION = YES;
				CLANG_WARN_NON_LITERAL_NULL_CONVERSION = YES;
				CLANG_WARN_OBJC_IMPLICIT_RETAIN_SELF = YES;
				CLANG_WARN_OBJC_LITERAL_CONVERSION = YES;
				CLANG_WARN_OBJC_ROOT_CLASS = YES_ERROR;
				CLANG_WARN_QUOTED_INCLUDE_IN_FRAMEWORK_HEADER = YES;
				CLANG_WARN_RANGE_LOOP_ANALYSIS = YES;
				CLANG_WARN_STRICT_PROTOTYPES = YES;
				CLANG_WARN_SUSPICIOUS_MOVE = YES;
				CLANG_WARN_UNGUARDED_AVAILABILITY = YES_AGGRESSIVE;
				CLANG_WARN_UNREACHABLE_CODE = YES;
				CLANG_WARN__DUPLICATE_METHOD_MATCH = YES;
				COPY_PHASE_STRIP = NO;
				DEBUG_INFORMATION_FORMAT = dwarf;
				ENABLE_STRICT_OBJC_MSGSEND = YES;
				ENABLE_TESTABILITY = YES;
				GCC_C_LANGUAGE_STANDARD = gnu11;
				GCC_DYNAMIC_NO_PIC = NO;
				GCC_NO_COMMON_BLOCKS = YES;
				GCC_OPTIMIZATION_LEVEL = 0;
				GCC_PREPROCESSOR_DEFINITIONS = (
					"DEBUG=1",
					"$(inherited)",
				);
				GCC_WARN_64_TO_32_BIT_CONVERSION = YES;
				GCC_WARN_ABOUT_RETURN_TYPE = YES_ERROR;
				GCC_WARN_UNDECLARED_SELECTOR = YES;
				GCC_WARN_UNINITIALIZED_AUTOS = YES_AGGRESSIVE;
				GCC_WARN_UNUSED_FUNCTION = YES;
				GCC_WARN_UNUSED_VARIABLE = YES;
				IPHONEOS_DEPLOYMENT_TARGET = 14.2;
				MTL_ENABLE_DEBUG_INFO = INCLUDE_SOURCE;
				MTL_FAST_MATH = YES;
				ONLY_ACTIVE_ARCH = YES;
				SDKROOT = iphoneos;
				SWIFT_ACTIVE_COMPILATION_CONDITIONS = DEBUG;
				SWIFT_OPTIMIZATION_LEVEL = "-Onone";
			};
			name = Debug;
		};
		13B057722574033E00CE77D0 /* Release */ = {
			isa = XCBuildConfiguration;
			buildSettings = {
				ALWAYS_SEARCH_USER_PATHS = NO;
				CLANG_ANALYZER_NONNULL = YES;
				CLANG_ANALYZER_NUMBER_OBJECT_CONVERSION = YES_AGGRESSIVE;
				CLANG_CXX_LANGUAGE_STANDARD = "gnu++14";
				CLANG_CXX_LIBRARY = "libc++";
				CLANG_ENABLE_MODULES = YES;
				CLANG_ENABLE_OBJC_ARC = YES;
				CLANG_ENABLE_OBJC_WEAK = YES;
				CLANG_WARN_BLOCK_CAPTURE_AUTORELEASING = YES;
				CLANG_WARN_BOOL_CONVERSION = YES;
				CLANG_WARN_COMMA = YES;
				CLANG_WARN_CONSTANT_CONVERSION = YES;
				CLANG_WARN_DEPRECATED_OBJC_IMPLEMENTATIONS = YES;
				CLANG_WARN_DIRECT_OBJC_ISA_USAGE = YES_ERROR;
				CLANG_WARN_DOCUMENTATION_COMMENTS = YES;
				CLANG_WARN_EMPTY_BODY = YES;
				CLANG_WARN_ENUM_CONVERSION = YES;
				CLANG_WARN_INFINITE_RECURSION = YES;
				CLANG_WARN_INT_CONVERSION = YES;
				CLANG_WARN_NON_LITERAL_NULL_CONVERSION = YES;
				CLANG_WARN_OBJC_IMPLICIT_RETAIN_SELF = YES;
				CLANG_WARN_OBJC_LITERAL_CONVERSION = YES;
				CLANG_WARN_OBJC_ROOT_CLASS = YES_ERROR;
				CLANG_WARN_QUOTED_INCLUDE_IN_FRAMEWORK_HEADER = YES;
				CLANG_WARN_RANGE_LOOP_ANALYSIS = YES;
				CLANG_WARN_STRICT_PROTOTYPES = YES;
				CLANG_WARN_SUSPICIOUS_MOVE = YES;
				CLANG_WARN_UNGUARDED_AVAILABILITY = YES_AGGRESSIVE;
				CLANG_WARN_UNREACHABLE_CODE = YES;
				CLANG_WARN__DUPLICATE_METHOD_MATCH = YES;
				COPY_PHASE_STRIP = NO;
				DEBUG_INFORMATION_FORMAT = "dwarf-with-dsym";
				ENABLE_NS_ASSERTIONS = NO;
				ENABLE_STRICT_OBJC_MSGSEND = YES;
				GCC_C_LANGUAGE_STANDARD = gnu11;
				GCC_NO_COMMON_BLOCKS = YES;
				GCC_WARN_64_TO_32_BIT_CONVERSION = YES;
				GCC_WARN_ABOUT_RETURN_TYPE = YES_ERROR;
				GCC_WARN_UNDECLARED_SELECTOR = YES;
				GCC_WARN_UNINITIALIZED_AUTOS = YES_AGGRESSIVE;
				GCC_WARN_UNUSED_FUNCTION = YES;
				GCC_WARN_UNUSED_VARIABLE = YES;
				IPHONEOS_DEPLOYMENT_TARGET = 14.2;
				MTL_ENABLE_DEBUG_INFO = NO;
				MTL_FAST_MATH = YES;
				SDKROOT = iphoneos;
				SWIFT_COMPILATION_MODE = wholemodule;
				SWIFT_OPTIMIZATION_LEVEL = "-O";
				VALIDATE_PRODUCT = YES;
			};
			name = Release;
		};
		13B057742574033E00CE77D0 /* Debug */ = {
			isa = XCBuildConfiguration;
			buildSettings = {
				ASSETCATALOG_COMPILER_APPICON_NAME = AppIcon;
				ASSETCATALOG_COMPILER_GLOBAL_ACCENT_COLOR_NAME = AccentColor;
				CODE_SIGN_STYLE = Automatic;
				DEVELOPMENT_TEAM = C6TC99X68U;
				INFOPLIST_FILE = CodeChallenge/Resources/Info.plist;
				LD_RUNPATH_SEARCH_PATHS = (
					"$(inherited)",
					"@executable_path/Frameworks",
				);
				PRODUCT_BUNDLE_IDENTIFIER = com.ayoub.CodeChallenge;
				PRODUCT_NAME = "$(TARGET_NAME)";
				SWIFT_VERSION = 5.0;
				TARGETED_DEVICE_FAMILY = "1,2";
			};
			name = Debug;
		};
		13B057752574033E00CE77D0 /* Release */ = {
			isa = XCBuildConfiguration;
			buildSettings = {
				ASSETCATALOG_COMPILER_APPICON_NAME = AppIcon;
				ASSETCATALOG_COMPILER_GLOBAL_ACCENT_COLOR_NAME = AccentColor;
				CODE_SIGN_STYLE = Automatic;
				DEVELOPMENT_TEAM = C6TC99X68U;
				INFOPLIST_FILE = CodeChallenge/Resources/Info.plist;
				LD_RUNPATH_SEARCH_PATHS = (
					"$(inherited)",
					"@executable_path/Frameworks",
				);
				PRODUCT_BUNDLE_IDENTIFIER = com.ayoub.CodeChallenge;
				PRODUCT_NAME = "$(TARGET_NAME)";
				SWIFT_VERSION = 5.0;
				TARGETED_DEVICE_FAMILY = "1,2";
			};
			name = Release;
		};
/* End XCBuildConfiguration section */

/* Begin XCConfigurationList section */
		13B0575A2574033C00CE77D0 /* Build configuration list for PBXProject "CodeChallenge" */ = {
			isa = XCConfigurationList;
			buildConfigurations = (
				13B057712574033E00CE77D0 /* Debug */,
				13B057722574033E00CE77D0 /* Release */,
			);
			defaultConfigurationIsVisible = 0;
			defaultConfigurationName = Release;
		};
		13B057732574033E00CE77D0 /* Build configuration list for PBXNativeTarget "CodeChallenge" */ = {
			isa = XCConfigurationList;
			buildConfigurations = (
				13B057742574033E00CE77D0 /* Debug */,
				13B057752574033E00CE77D0 /* Release */,
			);
			defaultConfigurationIsVisible = 0;
			defaultConfigurationName = Release;
		};
/* End XCConfigurationList section */
	};
	rootObject = 13B057572574033C00CE77D0 /* Project object */;
}
